
Microsoft Visual Studio Solution File, Format Version 12.00
# Visual Studio Version 17
VisualStudioVersion = 17.7.34031.279
MinimumVisualStudioVersion = 10.0.40219.1
Project("{9A19103F-16F7-4668-BE54-9A1E7A4F7556}") = "Liana", "Liana\Liana.csproj", "{41278948-C18D-4E1C-AA2D-55C21343CA08}"
EndProject
Project("{2150E333-8FDC-42A3-9474-1A3956D46DE8}") = "Services", "Services", "{8886DC64-1D0D-4999-8AA4-76BD3FB2949B}"
EndProject
Project("{2150E333-8FDC-42A3-9474-1A3956D46DE8}") = "User", "User", "{72983723-7725-4465-B0D0-CA469CFD803D}"
EndProject
Project("{2150E333-8FDC-42A3-9474-1A3956D46DE8}") = "API", "API", "{DD540CE8-14F2-46BE-97F0-8EA82BA06F7E}"
EndProject
Project("{2150E333-8FDC-42A3-9474-1A3956D46DE8}") = "Business", "Business", "{B91F7885-63AC-449A-AFE0-67B04311CD8A}"
EndProject
Project("{2150E333-8FDC-42A3-9474-1A3956D46DE8}") = "Domain", "Domain", "{FADC9A68-4F3C-4120-84E3-8D877E9C2914}"
EndProject
Project("{2150E333-8FDC-42A3-9474-1A3956D46DE8}") = "DB", "DB", "{75692BD0-E8F7-43D8-BFA9-3D79B090FE64}"
EndProject
Project("{9A19103F-16F7-4668-BE54-9A1E7A4F7556}") = "UserAPI", "UserApi\UserAPI.csproj", "{D6AF328C-F395-436C-8A62-12DC83D599B0}"
EndProject
Project("{9A19103F-16F7-4668-BE54-9A1E7A4F7556}") = "UserBusiness", "UserBusiness\UserBusiness.csproj", "{9099793E-B746-4701-A1C9-45E0526CF5E6}"
EndProject
Project("{9A19103F-16F7-4668-BE54-9A1E7A4F7556}") = "UserDB", "UserDB\UserDB.csproj", "{53E72160-A168-45F0-8603-FDF755E44CA0}"
EndProject
Project("{9A19103F-16F7-4668-BE54-9A1E7A4F7556}") = "UserDomain", "UserDomain\UserDomain.csproj", "{D75DFC34-26DF-42CD-BCCA-BA1353A57875}"
EndProject
Project("{2150E333-8FDC-42A3-9474-1A3956D46DE8}") = "Productos", "Productos", "{F4893868-B824-4047-AE10-3C5039294C3D}"
EndProject
Project("{2150E333-8FDC-42A3-9474-1A3956D46DE8}") = "API", "API", "{DA26B27D-67C4-4FBE-BE4C-8720CB694439}"
EndProject
Project("{2150E333-8FDC-42A3-9474-1A3956D46DE8}") = "Business", "Business", "{C9CFAF8E-9057-4D86-A4E5-8A071B88F104}"
EndProject
Project("{2150E333-8FDC-42A3-9474-1A3956D46DE8}") = "DB", "DB", "{8D8FC550-3C44-4114-999D-EB1B08342E53}"
EndProject
Project("{2150E333-8FDC-42A3-9474-1A3956D46DE8}") = "Domain", "Domain", "{F9EDCF6B-C39D-4D2A-AB6A-12D609231F11}"
EndProject
Project("{FAE04EC0-301F-11D3-BF4B-00C04F79EFBC}") = "ProductoAPI", "ProductoAPI\ProductoAPI.csproj", "{D31693D3-6B13-48F3-BFA5-578EAC858738}"
EndProject
Project("{FAE04EC0-301F-11D3-BF4B-00C04F79EFBC}") = "ProductoBussines", "ProductoBussines\ProductoBussines.csproj", "{A6902706-37B3-40E0-88D9-B4153DC02BD7}"
EndProject
Project("{FAE04EC0-301F-11D3-BF4B-00C04F79EFBC}") = "ProductoDB", "ProductDB\ProductoDB.csproj", "{24A84FCD-4E43-4B62-AFAD-16E45D2D0E7D}"
EndProject
Project("{FAE04EC0-301F-11D3-BF4B-00C04F79EFBC}") = "ProductoDomain", "Producto\ProductoDomain.csproj", "{80876555-F211-4508-AFDB-40CB194BFE2A}"
EndProject
Global
	GlobalSection(SolutionConfigurationPlatforms) = preSolution
		Debug|Any CPU = Debug|Any CPU
		Release|Any CPU = Release|Any CPU
	EndGlobalSection
	GlobalSection(ProjectConfigurationPlatforms) = postSolution
		{41278948-C18D-4E1C-AA2D-55C21343CA08}.Debug|Any CPU.ActiveCfg = Debug|Any CPU
		{41278948-C18D-4E1C-AA2D-55C21343CA08}.Debug|Any CPU.Build.0 = Debug|Any CPU
		{41278948-C18D-4E1C-AA2D-55C21343CA08}.Release|Any CPU.ActiveCfg = Release|Any CPU
		{41278948-C18D-4E1C-AA2D-55C21343CA08}.Release|Any CPU.Build.0 = Release|Any CPU
		{D6AF328C-F395-436C-8A62-12DC83D599B0}.Debug|Any CPU.ActiveCfg = Debug|Any CPU
		{D6AF328C-F395-436C-8A62-12DC83D599B0}.Debug|Any CPU.Build.0 = Debug|Any CPU
		{D6AF328C-F395-436C-8A62-12DC83D599B0}.Release|Any CPU.ActiveCfg = Release|Any CPU
		{D6AF328C-F395-436C-8A62-12DC83D599B0}.Release|Any CPU.Build.0 = Release|Any CPU
		{9099793E-B746-4701-A1C9-45E0526CF5E6}.Debug|Any CPU.ActiveCfg = Debug|Any CPU
		{9099793E-B746-4701-A1C9-45E0526CF5E6}.Debug|Any CPU.Build.0 = Debug|Any CPU
		{9099793E-B746-4701-A1C9-45E0526CF5E6}.Release|Any CPU.ActiveCfg = Release|Any CPU
		{9099793E-B746-4701-A1C9-45E0526CF5E6}.Release|Any CPU.Build.0 = Release|Any CPU
		{53E72160-A168-45F0-8603-FDF755E44CA0}.Debug|Any CPU.ActiveCfg = Debug|Any CPU
		{53E72160-A168-45F0-8603-FDF755E44CA0}.Debug|Any CPU.Build.0 = Debug|Any CPU
		{53E72160-A168-45F0-8603-FDF755E44CA0}.Release|Any CPU.ActiveCfg = Release|Any CPU
		{53E72160-A168-45F0-8603-FDF755E44CA0}.Release|Any CPU.Build.0 = Release|Any CPU
		{D75DFC34-26DF-42CD-BCCA-BA1353A57875}.Debug|Any CPU.ActiveCfg = Debug|Any CPU
		{D75DFC34-26DF-42CD-BCCA-BA1353A57875}.Debug|Any CPU.Build.0 = Debug|Any CPU
		{D75DFC34-26DF-42CD-BCCA-BA1353A57875}.Release|Any CPU.ActiveCfg = Release|Any CPU
		{D75DFC34-26DF-42CD-BCCA-BA1353A57875}.Release|Any CPU.Build.0 = Release|Any CPU
		{D31693D3-6B13-48F3-BFA5-578EAC858738}.Debug|Any CPU.ActiveCfg = Debug|Any CPU
		{D31693D3-6B13-48F3-BFA5-578EAC858738}.Debug|Any CPU.Build.0 = Debug|Any CPU
		{D31693D3-6B13-48F3-BFA5-578EAC858738}.Release|Any CPU.ActiveCfg = Release|Any CPU
		{D31693D3-6B13-48F3-BFA5-578EAC858738}.Release|Any CPU.Build.0 = Release|Any CPU
		{A6902706-37B3-40E0-88D9-B4153DC02BD7}.Debug|Any CPU.ActiveCfg = Debug|Any CPU
		{A6902706-37B3-40E0-88D9-B4153DC02BD7}.Debug|Any CPU.Build.0 = Debug|Any CPU
		{A6902706-37B3-40E0-88D9-B4153DC02BD7}.Release|Any CPU.ActiveCfg = Release|Any CPU
		{A6902706-37B3-40E0-88D9-B4153DC02BD7}.Release|Any CPU.Build.0 = Release|Any CPU
		{24A84FCD-4E43-4B62-AFAD-16E45D2D0E7D}.Debug|Any CPU.ActiveCfg = Debug|Any CPU
		{24A84FCD-4E43-4B62-AFAD-16E45D2D0E7D}.Debug|Any CPU.Build.0 = Debug|Any CPU
		{24A84FCD-4E43-4B62-AFAD-16E45D2D0E7D}.Release|Any CPU.ActiveCfg = Release|Any CPU
		{24A84FCD-4E43-4B62-AFAD-16E45D2D0E7D}.Release|Any CPU.Build.0 = Release|Any CPU
		{80876555-F211-4508-AFDB-40CB194BFE2A}.Debug|Any CPU.ActiveCfg = Debug|Any CPU
		{80876555-F211-4508-AFDB-40CB194BFE2A}.Debug|Any CPU.Build.0 = Debug|Any CPU
		{80876555-F211-4508-AFDB-40CB194BFE2A}.Release|Any CPU.ActiveCfg = Release|Any CPU
		{80876555-F211-4508-AFDB-40CB194BFE2A}.Release|Any CPU.Build.0 = Release|Any CPU
	EndGlobalSection
	GlobalSection(SolutionProperties) = preSolution
		HideSolutionNode = FALSE
	EndGlobalSection
	GlobalSection(NestedProjects) = preSolution
		{72983723-7725-4465-B0D0-CA469CFD803D} = {8886DC64-1D0D-4999-8AA4-76BD3FB2949B}
		{DD540CE8-14F2-46BE-97F0-8EA82BA06F7E} = {72983723-7725-4465-B0D0-CA469CFD803D}
		{B91F7885-63AC-449A-AFE0-67B04311CD8A} = {72983723-7725-4465-B0D0-CA469CFD803D}
		{FADC9A68-4F3C-4120-84E3-8D877E9C2914} = {72983723-7725-4465-B0D0-CA469CFD803D}
		{75692BD0-E8F7-43D8-BFA9-3D79B090FE64} = {72983723-7725-4465-B0D0-CA469CFD803D}
		{D6AF328C-F395-436C-8A62-12DC83D599B0} = {DD540CE8-14F2-46BE-97F0-8EA82BA06F7E}
		{9099793E-B746-4701-A1C9-45E0526CF5E6} = {B91F7885-63AC-449A-AFE0-67B04311CD8A}
		{53E72160-A168-45F0-8603-FDF755E44CA0} = {75692BD0-E8F7-43D8-BFA9-3D79B090FE64}
		{D75DFC34-26DF-42CD-BCCA-BA1353A57875} = {FADC9A68-4F3C-4120-84E3-8D877E9C2914}
		{F4893868-B824-4047-AE10-3C5039294C3D} = {8886DC64-1D0D-4999-8AA4-76BD3FB2949B}
		{DA26B27D-67C4-4FBE-BE4C-8720CB694439} = {F4893868-B824-4047-AE10-3C5039294C3D}
		{C9CFAF8E-9057-4D86-A4E5-8A071B88F104} = {F4893868-B824-4047-AE10-3C5039294C3D}
		{8D8FC550-3C44-4114-999D-EB1B08342E53} = {F4893868-B824-4047-AE10-3C5039294C3D}
		{F9EDCF6B-C39D-4D2A-AB6A-12D609231F11} = {F4893868-B824-4047-AE10-3C5039294C3D}
		{D31693D3-6B13-48F3-BFA5-578EAC858738} = {DA26B27D-67C4-4FBE-BE4C-8720CB694439}
		{A6902706-37B3-40E0-88D9-B4153DC02BD7} = {C9CFAF8E-9057-4D86-A4E5-8A071B88F104}
		{24A84FCD-4E43-4B62-AFAD-16E45D2D0E7D} = {8D8FC550-3C44-4114-999D-EB1B08342E53}
		{80876555-F211-4508-AFDB-40CB194BFE2A} = {F9EDCF6B-C39D-4D2A-AB6A-12D609231F11}
	EndGlobalSection
	GlobalSection(ExtensibilityGlobals) = postSolution
		SolutionGuid = {A8B7E765-C8A9-4259-B17A-902AD6741B46}
	EndGlobalSection
EndGlobal
